# This file is automatically @generated by Cargo.
# It is not intended for manual editing.
version = 4

[[package]]
name = "pi"
version = "0.1.0"

[[package]]
name = "pi-agent"
version = "0.1.0"

[[package]]
name = "pi-ai"
version = "0.1.0"

[[package]]
name = "pi-ext"
version = "0.1.0"

[[package]]
name = "pi-tui"
version = "0.1.0"
